// !$*UTF8*$!
{
	archiveVersion = 1;
	classes = {
	};
	objectVersion = 77;
	objects = {

/* Begin PBXContainerItemProxy section */
		28AA65B62EA97A030072765F /* PBXContainerItemProxy */ = {
			isa = PBXContainerItemProxy;
			containerPortal = 2817BD132EA5FD3700468184 /* Project object */;
			proxyType = 1;
			remoteGlobalIDString = 2817BD1A2EA5FD3700468184;
			remoteInfo = "New-Mystica";
		};
/* End PBXContainerItemProxy section */

/* Begin PBXFileReference section */
		2817BD1B2EA5FD3700468184 /* New-Mystica.app */ = {isa = PBXFileReference; explicitFileType = wrapper.application; includeInIndex = 0; path = "New-Mystica.app"; sourceTree = BUILT_PRODUCTS_DIR; };
		28AA65B22EA97A030072765F /* New-MysticaTests.xctest */ = {isa = PBXFileReference; explicitFileType = wrapper.cfbundle; includeInIndex = 0; path = "New-MysticaTests.xctest"; sourceTree = BUILT_PRODUCTS_DIR; };
		98EDADE22EA72B690033F76B /* Bungee-Regular.ttf */ = {isa = PBXFileReference; lastKnownFileType = file; name = "Bungee-Regular.ttf"; path = "New-Mystica/Fonts/Bungee/Bungee-Regular.ttf"; sourceTree = "<group>"; };
		98EDADED2EA72E200033F76B /* Metamorphous-Regular.ttf */ = {isa = PBXFileReference; lastKnownFileType = file; name = "Metamorphous-Regular.ttf"; path = "New-Mystica/Fonts/Metamorphous/Metamorphous-Regular.ttf"; sourceTree = "<group>"; };
		98EDADEE2EA72E8E0033F76B /* IMFellFrenchCanon-Regular.ttf */ = {isa = PBXFileReference; lastKnownFileType = file; name = "IMFellFrenchCanon-Regular.ttf"; path = "New-Mystica/Fonts/IM_Fell_French_Canon/IMFellFrenchCanon-Regular.ttf"; sourceTree = "<group>"; };
		98EDADEF2EA72EA10033F76B /* CinzelDecorative-Regular.ttf */ = {isa = PBXFileReference; lastKnownFileType = file; name = "CinzelDecorative-Regular.ttf"; path = "New-Mystica/Fonts/Cinzel_Decorative/CinzelDecorative-Regular.ttf"; sourceTree = "<group>"; };
		DEVXCFG0001001A /* Development.xcconfig */ = {isa = PBXFileReference; lastKnownFileType = text.xcconfig; path = Development.xcconfig; sourceTree = "<group>"; };
		PRODXCFG0002001B /* Production.xcconfig */ = {isa = PBXFileReference; lastKnownFileType = text.xcconfig; path = Production.xcconfig; sourceTree = "<group>"; };
/* End PBXFileReference section */

/* Begin PBXFileSystemSynchronizedBuildFileExceptionSet section */
		98EDADE42EA72C360033F76B /* Exceptions for "New-Mystica" folder in "New-Mystica" target */ = {
			isa = PBXFileSystemSynchronizedBuildFileExceptionSet;
			membershipExceptions = (
				Info.plist,
			);
			target = 2817BD1A2EA5FD3700468184 /* New-Mystica */;
		};
/* End PBXFileSystemSynchronizedBuildFileExceptionSet section */

/* Begin PBXFileSystemSynchronizedRootGroup section */
		2817BD1D2EA5FD3700468184 /* New-Mystica */ = {
			isa = PBXFileSystemSynchronizedRootGroup;
			exceptions = (
				98EDADE42EA72C360033F76B /* Exceptions for "New-Mystica" folder in "New-Mystica" target */,
			);
			path = "New-Mystica";
			sourceTree = "<group>";
		};
		28AA65B32EA97A030072765F /* New-MysticaTests */ = {
			isa = PBXFileSystemSynchronizedRootGroup;
			path = "New-MysticaTests";
			sourceTree = "<group>";
		};
/* End PBXFileSystemSynchronizedRootGroup section */

/* Begin PBXFrameworksBuildPhase section */
		2817BD182EA5FD3700468184 /* Frameworks */ = {
			isa = PBXFrameworksBuildPhase;
			buildActionMask = 2147483647;
			files = (
			);
			runOnlyForDeploymentPostprocessing = 0;
		};
		28AA65AF2EA97A030072765F /* Frameworks */ = {
			isa = PBXFrameworksBuildPhase;
			buildActionMask = 2147483647;
			files = (
			);
			runOnlyForDeploymentPostprocessing = 0;
		};
/* End PBXFrameworksBuildPhase section */

/* Begin PBXGroup section */
		2817BD122EA5FD3700468184 = {
			isa = PBXGroup;
			children = (
				98EDADEF2EA72EA10033F76B /* CinzelDecorative-Regular.ttf */,
				98EDADEE2EA72E8E0033F76B /* IMFellFrenchCanon-Regular.ttf */,
				98EDADED2EA72E200033F76B /* Metamorphous-Regular.ttf */,
				98EDADE22EA72B690033F76B /* Bungee-Regular.ttf */,
				2817BD1D2EA5FD3700468184 /* New-Mystica */,
				28AA65B32EA97A030072765F /* New-MysticaTests */,
				2817BD1C2EA5FD3700468184 /* Products */,
				2894B8512EAD3BC1000BAEEC /* Recovered References */,
			);
			sourceTree = "<group>";
		};
		2817BD1C2EA5FD3700468184 /* Products */ = {
			isa = PBXGroup;
			children = (
				2817BD1B2EA5FD3700468184 /* New-Mystica.app */,
				28AA65B22EA97A030072765F /* New-MysticaTests.xctest */,
			);
			name = Products;
			sourceTree = "<group>";
		};
		2894B8512EAD3BC1000BAEEC /* Recovered References */ = {
			isa = PBXGroup;
			children = (
				DEVXCFG0001001A /* Development.xcconfig */,
				PRODXCFG0002001B /* Production.xcconfig */,
			);
			name = "Recovered References";
			sourceTree = "<group>";
		};
/* End PBXGroup section */

/* Begin PBXNativeTarget section */
		2817BD1A2EA5FD3700468184 /* New-Mystica */ = {
			isa = PBXNativeTarget;
			buildConfigurationList = 2817BD282EA5FD3800468184 /* Build configuration list for PBXNativeTarget "New-Mystica" */;
			buildPhases = (
				2817BD172EA5FD3700468184 /* Sources */,
				2817BD182EA5FD3700468184 /* Frameworks */,
				2817BD192EA5FD3700468184 /* Resources */,
			);
			buildRules = (
			);
			dependencies = (
			);
			fileSystemSynchronizedGroups = (
				2817BD1D2EA5FD3700468184 /* New-Mystica */,
			);
			name = "New-Mystica";
			packageProductDependencies = (
			);
			productName = "New-Mystica";
			productReference = 2817BD1B2EA5FD3700468184 /* New-Mystica.app */;
			productType = "com.apple.product-type.application";
		};
		28AA65B12EA97A030072765F /* New-MysticaTests */ = {
			isa = PBXNativeTarget;
			buildConfigurationList = 28AA65B82EA97A030072765F /* Build configuration list for PBXNativeTarget "New-MysticaTests" */;
			buildPhases = (
				28AA65AE2EA97A030072765F /* Sources */,
				28AA65AF2EA97A030072765F /* Frameworks */,
				28AA65B02EA97A030072765F /* Resources */,
			);
			buildRules = (
			);
			dependencies = (
				28AA65B72EA97A030072765F /* PBXTargetDependency */,
			);
			fileSystemSynchronizedGroups = (
				28AA65B32EA97A030072765F /* New-MysticaTests */,
			);
			name = "New-MysticaTests";
			packageProductDependencies = (
			);
			productName = "New-MysticaTests";
			productReference = 28AA65B22EA97A030072765F /* New-MysticaTests.xctest */;
			productType = "com.apple.product-type.bundle.unit-test";
		};
/* End PBXNativeTarget section */

/* Begin PBXProject section */
		2817BD132EA5FD3700468184 /* Project object */ = {
			isa = PBXProject;
			attributes = {
				BuildIndependentTargetsInParallel = 1;
				LastSwiftUpdateCheck = 2600;
				LastUpgradeCheck = 2600;
				TargetAttributes = {
					2817BD1A2EA5FD3700468184 = {
						CreatedOnToolsVersion = 26.0.1;
					};
					28AA65B12EA97A030072765F = {
						CreatedOnToolsVersion = 26.0.1;
						TestTargetID = 2817BD1A2EA5FD3700468184;
					};
				};
			};
			buildConfigurationList = 2817BD162EA5FD3700468184 /* Build configuration list for PBXProject "New-Mystica" */;
			developmentRegion = en;
			hasScannedForEncodings = 0;
			knownRegions = (
				en,
				Base,
			);
			mainGroup = 2817BD122EA5FD3700468184;
			minimizedProjectReferenceProxies = 1;
			preferredProjectObjectVersion = 77;
			productRefGroup = 2817BD1C2EA5FD3700468184 /* Products */;
			projectDirPath = "";
			projectRoot = "";
			targets = (
				2817BD1A2EA5FD3700468184 /* New-Mystica */,
				28AA65B12EA97A030072765F /* New-MysticaTests */,
			);
		};
/* End PBXProject section */

/* Begin PBXResourcesBuildPhase section */
		2817BD192EA5FD3700468184 /* Resources */ = {
			isa = PBXResourcesBuildPhase;
			buildActionMask = 2147483647;
			files = (
			);
			runOnlyForDeploymentPostprocessing = 0;
		};
		28AA65B02EA97A030072765F /* Resources */ = {
			isa = PBXResourcesBuildPhase;
			buildActionMask = 2147483647;
			files = (
			);
			runOnlyForDeploymentPostprocessing = 0;
		};
/* End PBXResourcesBuildPhase section */

/* Begin PBXSourcesBuildPhase section */
		2817BD172EA5FD3700468184 /* Sources */ = {
			isa = PBXSourcesBuildPhase;
			buildActionMask = 2147483647;
			files = (
			);
			runOnlyForDeploymentPostprocessing = 0;
		};
		28AA65AE2EA97A030072765F /* Sources */ = {
			isa = PBXSourcesBuildPhase;
			buildActionMask = 2147483647;
			files = (
			);
			runOnlyForDeploymentPostprocessing = 0;
		};
/* End PBXSourcesBuildPhase section */

/* Begin PBXTargetDependency section */
		28AA65B72EA97A030072765F /* PBXTargetDependency */ = {
			isa = PBXTargetDependency;
			target = 2817BD1A2EA5FD3700468184 /* New-Mystica */;
			targetProxy = 28AA65B62EA97A030072765F /* PBXContainerItemProxy */;
		};
/* End PBXTargetDependency section */

/* Begin XCBuildConfiguration section */
		2817BD262EA5FD3800468184 /* Debug */ = {
			isa = XCBuildConfiguration;
			baseConfigurationReference = DEVXCFG0001001A /* Development.xcconfig */;
			buildSettings = {
				ALWAYS_SEARCH_USER_PATHS = NO;
				ASSETCATALOG_COMPILER_GENERATE_SWIFT_ASSET_SYMBOL_EXTENSIONS = YES;
				CLANG_ANALYZER_NONNULL = YES;
				CLANG_ANALYZER_NUMBER_OBJECT_CONVERSION = YES_AGGRESSIVE;
				CLANG_CXX_LANGUAGE_STANDARD = "gnu++20";
				CLANG_ENABLE_MODULES = YES;
				CLANG_ENABLE_OBJC_ARC = YES;
				CLANG_ENABLE_OBJC_WEAK = YES;
				CLANG_WARN_BLOCK_CAPTURE_AUTORELEASING = YES;
				CLANG_WARN_BOOL_CONVERSION = YES;
				CLANG_WARN_COMMA = YES;
				CLANG_WARN_CONSTANT_CONVERSION = YES;
				CLANG_WARN_DEPRECATED_OBJC_IMPLEMENTATIONS = YES;
				CLANG_WARN_DIRECT_OBJC_ISA_USAGE = YES_ERROR;
				CLANG_WARN_DOCUMENTATION_COMMENTS = YES;
				CLANG_WARN_EMPTY_BODY = YES;
				CLANG_WARN_ENUM_CONVERSION = YES;
				CLANG_WARN_INFINITE_RECURSION = YES;
				CLANG_WARN_INT_CONVERSION = YES;
				CLANG_WARN_NON_LITERAL_NULL_CONVERSION = YES;
				CLANG_WARN_OBJC_IMPLICIT_RETAIN_SELF = YES;
				CLANG_WARN_OBJC_LITERAL_CONVERSION = YES;
				CLANG_WARN_OBJC_ROOT_CLASS = YES_ERROR;
				CLANG_WARN_QUOTED_INCLUDE_IN_FRAMEWORK_HEADER = YES;
				CLANG_WARN_RANGE_LOOP_ANALYSIS = YES;
				CLANG_WARN_STRICT_PROTOTYPES = YES;
				CLANG_WARN_SUSPICIOUS_MOVE = YES;
				CLANG_WARN_UNGUARDED_AVAILABILITY = YES_AGGRESSIVE;
				CLANG_WARN_UNREACHABLE_CODE = YES;
				CLANG_WARN__DUPLICATE_METHOD_MATCH = YES;
				COPY_PHASE_STRIP = NO;
				DEBUG_INFORMATION_FORMAT = dwarf;
				DEVELOPMENT_TEAM = A5457DSD7N;
				ENABLE_STRICT_OBJC_MSGSEND = YES;
				ENABLE_TESTABILITY = YES;
				ENABLE_USER_SCRIPT_SANDBOXING = YES;
				GCC_C_LANGUAGE_STANDARD = gnu17;
				GCC_DYNAMIC_NO_PIC = NO;
				GCC_NO_COMMON_BLOCKS = YES;
				GCC_OPTIMIZATION_LEVEL = 0;
				GCC_PREPROCESSOR_DEFINITIONS = (
					"DEBUG=1",
					"$(inherited)",
				);
				GCC_WARN_64_TO_32_BIT_CONVERSION = YES;
				GCC_WARN_ABOUT_RETURN_TYPE = YES_ERROR;
				GCC_WARN_UNDECLARED_SELECTOR = YES;
				GCC_WARN_UNINITIALIZED_AUTOS = YES_AGGRESSIVE;
				GCC_WARN_UNUSED_FUNCTION = YES;
				GCC_WARN_UNUSED_VARIABLE = YES;
				IPHONEOS_DEPLOYMENT_TARGET = 26.0;
				LOCALIZATION_PREFERS_STRING_CATALOGS = YES;
				MTL_ENABLE_DEBUG_INFO = INCLUDE_SOURCE;
				MTL_FAST_MATH = YES;
				ONLY_ACTIVE_ARCH = NO;
				SDKROOT = iphoneos;
				SWIFT_ACTIVE_COMPILATION_CONDITIONS = "DEBUG $(inherited)";
				SWIFT_OPTIMIZATION_LEVEL = "-Onone";
				VALIDATE_PRODUCT = YES;
			};
			name = Debug;
		};
		2817BD272EA5FD3800468184 /* Release */ = {
			isa = XCBuildConfiguration;
			baseConfigurationReference = PRODXCFG0002001B /* Production.xcconfig */;
			buildSettings = {
				ALWAYS_SEARCH_USER_PATHS = NO;
				ASSETCATALOG_COMPILER_GENERATE_SWIFT_ASSET_SYMBOL_EXTENSIONS = YES;
				CLANG_ANALYZER_NONNULL = YES;
				CLANG_ANALYZER_NUMBER_OBJECT_CONVERSION = YES_AGGRESSIVE;
				CLANG_CXX_LANGUAGE_STANDARD = "gnu++20";
				CLANG_ENABLE_MODULES = YES;
				CLANG_ENABLE_OBJC_ARC = YES;
				CLANG_ENABLE_OBJC_WEAK = YES;
				CLANG_WARN_BLOCK_CAPTURE_AUTORELEASING = YES;
				CLANG_WARN_BOOL_CONVERSION = YES;
				CLANG_WARN_COMMA = YES;
				CLANG_WARN_CONSTANT_CONVERSION = YES;
				CLANG_WARN_DEPRECATED_OBJC_IMPLEMENTATIONS = YES;
				CLANG_WARN_DIRECT_OBJC_ISA_USAGE = YES_ERROR;
				CLANG_WARN_DOCUMENTATION_COMMENTS = YES;
				CLANG_WARN_EMPTY_BODY = YES;
				CLANG_WARN_ENUM_CONVERSION = YES;
				CLANG_WARN_INFINITE_RECURSION = YES;
				CLANG_WARN_INT_CONVERSION = YES;
				CLANG_WARN_NON_LITERAL_NULL_CONVERSION = YES;
				CLANG_WARN_OBJC_IMPLICIT_RETAIN_SELF = YES;
				CLANG_WARN_OBJC_LITERAL_CONVERSION = YES;
				CLANG_WARN_OBJC_ROOT_CLASS = YES_ERROR;
				CLANG_WARN_QUOTED_INCLUDE_IN_FRAMEWORK_HEADER = YES;
				CLANG_WARN_RANGE_LOOP_ANALYSIS = YES;
				CLANG_WARN_STRICT_PROTOTYPES = YES;
				CLANG_WARN_SUSPICIOUS_MOVE = YES;
				CLANG_WARN_UNGUARDED_AVAILABILITY = YES_AGGRESSIVE;
				CLANG_WARN_UNREACHABLE_CODE = YES;
				CLANG_WARN__DUPLICATE_METHOD_MATCH = YES;
				COPY_PHASE_STRIP = NO;
				DEBUG_INFORMATION_FORMAT = "dwarf-with-dsym";
				DEVELOPMENT_TEAM = A5457DSD7N;
				ENABLE_NS_ASSERTIONS = NO;
				ENABLE_STRICT_OBJC_MSGSEND = YES;
				ENABLE_USER_SCRIPT_SANDBOXING = YES;
				GCC_C_LANGUAGE_STANDARD = gnu17;
				GCC_NO_COMMON_BLOCKS = YES;
				GCC_WARN_64_TO_32_BIT_CONVERSION = YES;
				GCC_WARN_ABOUT_RETURN_TYPE = YES_ERROR;
				GCC_WARN_UNDECLARED_SELECTOR = YES;
				GCC_WARN_UNINITIALIZED_AUTOS = YES_AGGRESSIVE;
				GCC_WARN_UNUSED_FUNCTION = YES;
				GCC_WARN_UNUSED_VARIABLE = YES;
				IPHONEOS_DEPLOYMENT_TARGET = 26.0;
				LOCALIZATION_PREFERS_STRING_CATALOGS = YES;
				MTL_ENABLE_DEBUG_INFO = NO;
				MTL_FAST_MATH = YES;
				ONLY_ACTIVE_ARCH = YES;
				SDKROOT = iphoneos;
				SWIFT_COMPILATION_MODE = wholemodule;
				VALIDATE_PRODUCT = NO;
			};
			name = Release;
		};
		2817BD292EA5FD3800468184 /* Debug */ = {
			isa = XCBuildConfiguration;
			baseConfigurationReference = DEVXCFG0001001A /* Development.xcconfig */;
			buildSettings = {
				ASSETCATALOG_COMPILER_APPICON_NAME = AppIcon;
				ASSETCATALOG_COMPILER_GLOBAL_ACCENT_COLOR_NAME = AccentColor;
				CODE_SIGN_STYLE = Automatic;
				CURRENT_PROJECT_VERSION = 1;
				DEVELOPMENT_TEAM = A5457DSD7N;
				ENABLE_PREVIEWS = YES;
				GENERATE_INFOPLIST_FILE = YES;
				INFOPLIST_FILE = "New-Mystica/Info.plist";
				INFOPLIST_KEY_UIApplicationSceneManifest_Generation = YES;
				INFOPLIST_KEY_UIApplicationSupportsIndirectInputEvents = YES;
				INFOPLIST_KEY_UILaunchScreen_Generation = YES;
				INFOPLIST_KEY_UISupportedInterfaceOrientations_iPad = "UIInterfaceOrientationPortrait UIInterfaceOrientationPortraitUpsideDown UIInterfaceOrientationLandscapeLeft UIInterfaceOrientationLandscapeRight";
				INFOPLIST_KEY_UISupportedInterfaceOrientations_iPhone = "UIInterfaceOrientationPortrait UIInterfaceOrientationLandscapeLeft UIInterfaceOrientationLandscapeRight";
				LD_RUNPATH_SEARCH_PATHS = (
					"$(inherited)",
					"@executable_path/Frameworks",
				);
				MARKETING_VERSION = 1.0;
				PRODUCT_BUNDLE_IDENTIFIER = com.spartanpip.mystica;
				PRODUCT_NAME = "$(TARGET_NAME)";
				STRING_CATALOG_GENERATE_SYMBOLS = YES;
				SWIFT_APPROACHABLE_CONCURRENCY = YES;
				SWIFT_DEFAULT_ACTOR_ISOLATION = MainActor;
				SWIFT_EMIT_LOC_STRINGS = YES;
				SWIFT_UPCOMING_FEATURE_MEMBER_IMPORT_VISIBILITY = YES;
				SWIFT_VERSION = 5.0;
				TARGETED_DEVICE_FAMILY = "1,2";
			};
			name = Debug;
		};
		2817BD2A2EA5FD3800468184 /* Release */ = {
			isa = XCBuildConfiguration;
			baseConfigurationReference = PRODXCFG0002001B /* Production.xcconfig */;
			buildSettings = {
				ASSETCATALOG_COMPILER_APPICON_NAME = AppIcon;
				ASSETCATALOG_COMPILER_GLOBAL_ACCENT_COLOR_NAME = AccentColor;
				CODE_SIGN_STYLE = Automatic;
				CURRENT_PROJECT_VERSION = 1;
				DEVELOPMENT_TEAM = A5457DSD7N;
				ENABLE_PREVIEWS = YES;
				GENERATE_INFOPLIST_FILE = YES;
				INFOPLIST_FILE = "New-Mystica/Info.plist";
				INFOPLIST_KEY_UIApplicationSceneManifest_Generation = YES;
				INFOPLIST_KEY_UIApplicationSupportsIndirectInputEvents = YES;
				INFOPLIST_KEY_UILaunchScreen_Generation = YES;
				INFOPLIST_KEY_UISupportedInterfaceOrientations_iPad = "UIInterfaceOrientationPortrait UIInterfaceOrientationPortraitUpsideDown UIInterfaceOrientationLandscapeLeft UIInterfaceOrientationLandscapeRight";
				INFOPLIST_KEY_UISupportedInterfaceOrientations_iPhone = "UIInterfaceOrientationPortrait UIInterfaceOrientationLandscapeLeft UIInterfaceOrientationLandscapeRight";
				LD_RUNPATH_SEARCH_PATHS = (
					"$(inherited)",
					"@executable_path/Frameworks",
				);
				MARKETING_VERSION = 1.0;
				PRODUCT_BUNDLE_IDENTIFIER = com.spartanpip.mystica;
				PRODUCT_NAME = "$(TARGET_NAME)";
				STRING_CATALOG_GENERATE_SYMBOLS = YES;
				SWIFT_APPROACHABLE_CONCURRENCY = YES;
				SWIFT_DEFAULT_ACTOR_ISOLATION = MainActor;
				SWIFT_EMIT_LOC_STRINGS = YES;
				SWIFT_UPCOMING_FEATURE_MEMBER_IMPORT_VISIBILITY = YES;
				SWIFT_VERSION = 5.0;
				TARGETED_DEVICE_FAMILY = "1,2";
			};
			name = Release;
		};
		28AA65B92EA97A030072765F /* Debug */ = {
			isa = XCBuildConfiguration;
			baseConfigurationReference = DEVXCFG0001001A /* Development.xcconfig */;
			buildSettings = {
				BUNDLE_LOADER = "$(TEST_HOST)";
				CODE_SIGN_STYLE = Automatic;
				CURRENT_PROJECT_VERSION = 1;
				DEVELOPMENT_TEAM = A5457DSD7N;
				GENERATE_INFOPLIST_FILE = YES;
				MARKETING_VERSION = 1.0;
				PRODUCT_BUNDLE_IDENTIFIER = "reindeer.New-MysticaTests";
				PRODUCT_NAME = "$(TARGET_NAME)";
				STRING_CATALOG_GENERATE_SYMBOLS = NO;
				SWIFT_APPROACHABLE_CONCURRENCY = YES;
				SWIFT_EMIT_LOC_STRINGS = NO;
				SWIFT_UPCOMING_FEATURE_MEMBER_IMPORT_VISIBILITY = YES;
				SWIFT_VERSION = 5.0;
				TARGETED_DEVICE_FAMILY = "1,2";
				TEST_HOST = "$(BUILT_PRODUCTS_DIR)/New-Mystica.app/$(BUNDLE_EXECUTABLE_FOLDER_PATH)/New-Mystica";
			};
			name = Debug;
		};
		28AA65BA2EA97A030072765F /* Release */ = {
			isa = XCBuildConfiguration;
			baseConfigurationReference = PRODXCFG0002001B /* Production.xcconfig */;
			buildSettings = {
				BUNDLE_LOADER = "$(TEST_HOST)";
				CODE_SIGN_STYLE = Automatic;
				CURRENT_PROJECT_VERSION = 1;
				DEVELOPMENT_TEAM = A5457DSD7N;
				GENERATE_INFOPLIST_FILE = YES;
				MARKETING_VERSION = 1.0;
				PRODUCT_BUNDLE_IDENTIFIER = "reindeer.New-MysticaTests";
				PRODUCT_NAME = "$(TARGET_NAME)";
				STRING_CATALOG_GENERATE_SYMBOLS = NO;
				SWIFT_APPROACHABLE_CONCURRENCY = YES;
				SWIFT_EMIT_LOC_STRINGS = NO;
				SWIFT_UPCOMING_FEATURE_MEMBER_IMPORT_VISIBILITY = YES;
				SWIFT_VERSION = 5.0;
				TARGETED_DEVICE_FAMILY = "1,2";
				TEST_HOST = "$(BUILT_PRODUCTS_DIR)/New-Mystica.app/$(BUNDLE_EXECUTABLE_FOLDER_PATH)/New-Mystica";
			};
			name = Release;
		};
/* End XCBuildConfiguration section */

/* Begin XCConfigurationList section */
		2817BD162EA5FD3700468184 /* Build configuration list for PBXProject "New-Mystica" */ = {
			isa = XCConfigurationList;
			buildConfigurations = (
				2817BD262EA5FD3800468184 /* Debug */,
				2817BD272EA5FD3800468184 /* Release */,
			);
			defaultConfigurationIsVisible = 0;
			defaultConfigurationName = Release;
		};
		2817BD282EA5FD3800468184 /* Build configuration list for PBXNativeTarget "New-Mystica" */ = {
			isa = XCConfigurationList;
			buildConfigurations = (
				2817BD292EA5FD3800468184 /* Debug */,
				2817BD2A2EA5FD3800468184 /* Release */,
			);
			defaultConfigurationIsVisible = 0;
			defaultConfigurationName = Release;
		};
		28AA65B82EA97A030072765F /* Build configuration list for PBXNativeTarget "New-MysticaTests" */ = {
			isa = XCConfigurationList;
			buildConfigurations = (
				28AA65B92EA97A030072765F /* Debug */,
				28AA65BA2EA97A030072765F /* Release */,
			);
			defaultConfigurationIsVisible = 0;
			defaultConfigurationName = Release;
		};
/* End XCConfigurationList section */
	};
	rootObject = 2817BD132EA5FD3700468184 /* Project object */;
}
